github.com/KirillBogatikov/Test v0.0.0-20200511192423-bf41ec5cf3fc h1:9if1D9CKzQI9fSkep5Py2aD+8pJ1Ji51ZXCv50VYYfI=
github.com/stfsy/golang-assert v0.0.0-20190106202425-1c30415d7ce6 h1:5t9ppJG4N83xt1CPadgYuBN/bgWtZ2xdb7PNhUmG56k=
github.com/stfsy/golang-assert v0.0.0-20190106202425-1c30415d7ce6/go.mod h1:wvjM3ngvh4JchjnYGoOxm3gtocYdAo5otPLMrhTvpyU=
